{
    "_readme": [
        "This file locks the dependencies of your project to a known state",
        "Read more about it at https://getcomposer.org/doc/01-basic-usage.md#composer-lock-the-lock-file",
        "This file is @generated automatically"
    ],
    "hash": "3c25a34c06c7107794339aa8a595fb85",
    "packages": [
        {
            "name": "fkooman/json",
            "version": "1.0.0",
            "source": {
                "type": "git",
                "url": "https://github.com/fkooman/php-lib-json.git",
                "reference": "f24b7ee1890b29358402defcd9581a4e969e40d7"
            },
            "dist": {
                "type": "zip",
                "url": "https://api.github.com/repos/fkooman/php-lib-json/zipball/f24b7ee1890b29358402defcd9581a4e969e40d7",
                "reference": "f24b7ee1890b29358402defcd9581a4e969e40d7",
                "shasum": ""
            },
            "require": {
                "ext-json": "*",
                "ext-spl": "*",
                "php": ">=5.3.3"
            },
            "type": "library",
            "autoload": {
                "psr-0": {
                    "fkooman\\Json\\": "src/"
                }
            },
            "notification-url": "https://packagist.org/downloads/",
            "license": [
                "Apache-2.0"
            ],
            "authors": [
                {
                    "name": "François Kooman",
                    "email": "fkooman@tuxed.net",
                    "role": "Developer"
                }
            ],
            "description": "PHP library to encode and decode JSON",
            "time": "2015-07-13 11:58:01"
        },
        {
            "name": "fkooman/rest",
            "version": "dev-master",
            "source": {
                "type": "git",
                "url": "https://github.com/fkooman/php-lib-rest.git",
                "reference": "a62065388df120fe8115b3313f49c08810f00542"
            },
            "dist": {
                "type": "zip",
                "url": "https://api.github.com/repos/fkooman/php-lib-rest/zipball/a62065388df120fe8115b3313f49c08810f00542",
                "reference": "a62065388df120fe8115b3313f49c08810f00542",
                "shasum": ""
            },
            "require": {
                "ext-mbstring": "*",
                "ext-pcre": "*",
                "ext-session": "*",
                "ext-spl": "*",
                "fkooman/json": "^1.0.0",
                "php": ">=5.3.3"
            },
            "suggest": {
                "fkooman/rest-plugin-basic": "Basic Authentication plugin",
                "fkooman/rest-plugin-bearer": "Bearer (OAuth) Authentication plugin",
                "fkooman/rest-plugin-indieauth": "IndieAuth Authentication plugin",
                "fkooman/rest-plugin-mellon": "Mellon (SAML) Authentication plugin",
                "fkooman/rest-plugin-tls": "TLS Client Certificate Authentication plugin"
            },
            "type": "library",
            "autoload": {
                "psr-0": {
                    "fkooman\\Http\\": "src/",
                    "fkooman\\Rest\\": "src/"
                }
            },
            "notification-url": "https://packagist.org/downloads/",
            "license": [
                "Apache-2.0"
            ],
            "authors": [
                {
                    "name": "François Kooman",
                    "email": "fkooman@tuxed.net",
                    "role": "Developer"
                }
            ],
            "description": "Simple PHP library for writing REST services.",
            "time": "2015-07-19 20:38:22"
        }
    ],
    "packages-dev": [],
    "aliases": [],
    "minimum-stability": "stable",
    "stability-flags": {
        "fkooman/rest": 20
    },
    "prefer-stable": false,
    "prefer-lowest": false,
    "platform": {
        "php": ">=5.3.3"
    },
    "platform-dev": []
}
